// !$*UTF8*$!
{
	archiveVersion = 1;
	classes = {
	};
	objectVersion = 46;
	objects = {

/* Begin PBXBuildFile section */
		BF64ACD918F0C7F700F329EB /* Foundation.framework in Frameworks */ = {isa = PBXBuildFile; fileRef = BF64ACD818F0C7F700F329EB /* Foundation.framework */; };
		BF64ACDB18F0C7F700F329EB /* CoreGraphics.framework in Frameworks */ = {isa = PBXBuildFile; fileRef = BF64ACDA18F0C7F700F329EB /* CoreGraphics.framework */; };
		BF64ACDD18F0C7F700F329EB /* UIKit.framework in Frameworks */ = {isa = PBXBuildFile; fileRef = BF64ACDC18F0C7F700F329EB /* UIKit.framework */; };
		BF64ACE318F0C7F700F329EB /* InfoPlist.strings in Resources */ = {isa = PBXBuildFile; fileRef = BF64ACE118F0C7F700F329EB /* InfoPlist.strings */; };
		BF64ACE518F0C7F700F329EB /* main.m in Sources */ = {isa = PBXBuildFile; fileRef = BF64ACE418F0C7F700F329EB /* main.m */; };
		BF64ACE918F0C7F700F329EB /* AppDelegate.m in Sources */ = {isa = PBXBuildFile; fileRef = BF64ACE818F0C7F700F329EB /* AppDelegate.m */; };
		BF64ACEC18F0C7F700F329EB /* Main.storyboard in Resources */ = {isa = PBXBuildFile; fileRef = BF64ACEA18F0C7F700F329EB /* Main.storyboard */; };
		BF64ACEF18F0C7F700F329EB /* MainViewController.m in Sources */ = {isa = PBXBuildFile; fileRef = BF64ACEE18F0C7F700F329EB /* MainViewController.m */; };
		BF64ACF218F0C7F700F329EB /* FlipsideViewController.m in Sources */ = {isa = PBXBuildFile; fileRef = BF64ACF118F0C7F700F329EB /* FlipsideViewController.m */; };
		BF64ACF418F0C7F700F329EB /* Images.xcassets in Resources */ = {isa = PBXBuildFile; fileRef = BF64ACF318F0C7F700F329EB /* Images.xcassets */; };
		BF64ACFB18F0C7F700F329EB /* XCTest.framework in Frameworks */ = {isa = PBXBuildFile; fileRef = BF64ACFA18F0C7F700F329EB /* XCTest.framework */; };
		BF64ACFC18F0C7F700F329EB /* Foundation.framework in Frameworks */ = {isa = PBXBuildFile; fileRef = BF64ACD818F0C7F700F329EB /* Foundation.framework */; };
		BF64ACFD18F0C7F700F329EB /* UIKit.framework in Frameworks */ = {isa = PBXBuildFile; fileRef = BF64ACDC18F0C7F700F329EB /* UIKit.framework */; };
		BF64AD0518F0C7F700F329EB /* InfoPlist.strings in Resources */ = {isa = PBXBuildFile; fileRef = BF64AD0318F0C7F700F329EB /* InfoPlist.strings */; };
		BF64AD0718F0C7F700F329EB /* KidKalcGoTests.m in Sources */ = {isa = PBXBuildFile; fileRef = BF64AD0618F0C7F700F329EB /* KidKalcGoTests.m */; };
		BF64AD1218F0C83400F329EB /* TimesViewController.m in Sources */ = {isa = PBXBuildFile; fileRef = BF64AD1118F0C83400F329EB /* TimesViewController.m */; };
/* End PBXBuildFile section */

/* Begin PBXContainerItemProxy section */
		BF64ACFE18F0C7F700F329EB /* PBXContainerItemProxy */ = {
			isa = PBXContainerItemProxy;
			containerPortal = BF64ACCD18F0C7F700F329EB /* Project object */;
			proxyType = 1;
			remoteGlobalIDString = BF64ACD418F0C7F700F329EB;
			remoteInfo = KidKalcGo;
		};
/* End PBXContainerItemProxy section */

/* Begin PBXFileReference section */
		BF64ACD518F0C7F700F329EB /* KidKalcGo.app */ = {isa = PBXFileReference; explicitFileType = wrapper.application; includeInIndex = 0; path = KidKalcGo.app; sourceTree = BUILT_PRODUCTS_DIR; };
		BF64ACD818F0C7F700F329EB /* Foundation.framework */ = {isa = PBXFileReference; lastKnownFileType = wrapper.framework; name = Foundation.framework; path = System/Library/Frameworks/Foundation.framework; sourceTree = SDKROOT; };
		BF64ACDA18F0C7F700F329EB /* CoreGraphics.framework */ = {isa = PBXFileReference; lastKnownFileType = wrapper.framework; name = CoreGraphics.framework; path = System/Library/Frameworks/CoreGraphics.framework; sourceTree = SDKROOT; };
		BF64ACDC18F0C7F700F329EB /* UIKit.framework */ = {isa = PBXFileReference; lastKnownFileType = wrapper.framework; name = UIKit.framework; path = System/Library/Frameworks/UIKit.framework; sourceTree = SDKROOT; };
		BF64ACE018F0C7F700F329EB /* KidKalcGo-Info.plist */ = {isa = PBXFileReference; lastKnownFileType = text.plist.xml; path = "KidKalcGo-Info.plist"; sourceTree = "<group>"; };
		BF64ACE218F0C7F700F329EB /* en */ = {isa = PBXFileReference; lastKnownFileType = text.plist.strings; name = en; path = en.lproj/InfoPlist.strings; sourceTree = "<group>"; };
		BF64ACE418F0C7F700F329EB /* main.m */ = {isa = PBXFileReference; lastKnownFileType = sourcecode.c.objc; path = main.m; sourceTree = "<group>"; };
		BF64ACE618F0C7F700F329EB /* KidKalcGo-Prefix.pch */ = {isa = PBXFileReference; lastKnownFileType = sourcecode.c.h; path = "KidKalcGo-Prefix.pch"; sourceTree = "<group>"; };
		BF64ACE718F0C7F700F329EB /* AppDelegate.h */ = {isa = PBXFileReference; lastKnownFileType = sourcecode.c.h; path = AppDelegate.h; sourceTree = "<group>"; };
		BF64ACE818F0C7F700F329EB /* AppDelegate.m */ = {isa = PBXFileReference; lastKnownFileType = sourcecode.c.objc; path = AppDelegate.m; sourceTree = "<group>"; };
		BF64ACEB18F0C7F700F329EB /* Base */ = {isa = PBXFileReference; lastKnownFileType = file.storyboard; name = Base; path = Base.lproj/Main.storyboard; sourceTree = "<group>"; };
		BF64ACED18F0C7F700F329EB /* MainViewController.h */ = {isa = PBXFileReference; lastKnownFileType = sourcecode.c.h; path = MainViewController.h; sourceTree = "<group>"; };
		BF64ACEE18F0C7F700F329EB /* MainViewController.m */ = {isa = PBXFileReference; lastKnownFileType = sourcecode.c.objc; path = MainViewController.m; sourceTree = "<group>"; };
		BF64ACF018F0C7F700F329EB /* FlipsideViewController.h */ = {isa = PBXFileReference; lastKnownFileType = sourcecode.c.h; path = FlipsideViewController.h; sourceTree = "<group>"; };
		BF64ACF118F0C7F700F329EB /* FlipsideViewController.m */ = {isa = PBXFileReference; lastKnownFileType = sourcecode.c.objc; path = FlipsideViewController.m; sourceTree = "<group>"; };
		BF64ACF318F0C7F700F329EB /* Images.xcassets */ = {isa = PBXFileReference; lastKnownFileType = folder.assetcatalog; path = Images.xcassets; sourceTree = "<group>"; };
		BF64ACF918F0C7F700F329EB /* KidKalcGoTests.xctest */ = {isa = PBXFileReference; explicitFileType = wrapper.cfbundle; includeInIndex = 0; path = KidKalcGoTests.xctest; sourceTree = BUILT_PRODUCTS_DIR; };
		BF64ACFA18F0C7F700F329EB /* XCTest.framework */ = {isa = PBXFileReference; lastKnownFileType = wrapper.framework; name = XCTest.framework; path = Library/Frameworks/XCTest.framework; sourceTree = DEVELOPER_DIR; };
		BF64AD0218F0C7F700F329EB /* KidKalcGoTests-Info.plist */ = {isa = PBXFileReference; lastKnownFileType = text.plist.xml; path = "KidKalcGoTests-Info.plist"; sourceTree = "<group>"; };
		BF64AD0418F0C7F700F329EB /* en */ = {isa = PBXFileReference; lastKnownFileType = text.plist.strings; name = en; path = en.lproj/InfoPlist.strings; sourceTree = "<group>"; };
		BF64AD0618F0C7F700F329EB /* KidKalcGoTests.m */ = {isa = PBXFileReference; lastKnownFileType = sourcecode.c.objc; path = KidKalcGoTests.m; sourceTree = "<group>"; };
		BF64AD1018F0C83400F329EB /* TimesViewController.h */ = {isa = PBXFileReference; fileEncoding = 4; lastKnownFileType = sourcecode.c.h; path = TimesViewController.h; sourceTree = "<group>"; };
		BF64AD1118F0C83400F329EB /* TimesViewController.m */ = {isa = PBXFileReference; fileEncoding = 4; lastKnownFileType = sourcecode.c.objc; path = TimesViewController.m; sourceTree = "<group>"; };
/* End PBXFileReference section */

/* Begin PBXFrameworksBuildPhase section */
		BF64ACD218F0C7F700F329EB /* Frameworks */ = {
			isa = PBXFrameworksBuildPhase;
			buildActionMask = 2147483647;
			files = (
				BF64ACDB18F0C7F700F329EB /* CoreGraphics.framework in Frameworks */,
				BF64ACDD18F0C7F700F329EB /* UIKit.framework in Frameworks */,
				BF64ACD918F0C7F700F329EB /* Foundation.framework in Frameworks */,
			);
			runOnlyForDeploymentPostprocessing = 0;
		};
		BF64ACF618F0C7F700F329EB /* Frameworks */ = {
			isa = PBXFrameworksBuildPhase;
			buildActionMask = 2147483647;
			files = (
				BF64ACFB18F0C7F700F329EB /* XCTest.framework in Frameworks */,
				BF64ACFD18F0C7F700F329EB /* UIKit.framework in Frameworks */,
				BF64ACFC18F0C7F700F329EB /* Foundation.framework in Frameworks */,
			);
			runOnlyForDeploymentPostprocessing = 0;
		};
/* End PBXFrameworksBuildPhase section */

/* Begin PBXGroup section */
		BF64ACCC18F0C7F700F329EB = {
			isa = PBXGroup;
			children = (
				BF64ACDE18F0C7F700F329EB /* KidKalcGo */,
				BF64AD0018F0C7F700F329EB /* KidKalcGoTests */,
				BF64ACD718F0C7F700F329EB /* Frameworks */,
				BF64ACD618F0C7F700F329EB /* Products */,
			);
			sourceTree = "<group>";
		};
		BF64ACD618F0C7F700F329EB /* Products */ = {
			isa = PBXGroup;
			children = (
				BF64ACD518F0C7F700F329EB /* KidKalcGo.app */,
				BF64ACF918F0C7F700F329EB /* KidKalcGoTests.xctest */,
			);
			name = Products;
			sourceTree = "<group>";
		};
		BF64ACD718F0C7F700F329EB /* Frameworks */ = {
			isa = PBXGroup;
			children = (
				BF64ACD818F0C7F700F329EB /* Foundation.framework */,
				BF64ACDA18F0C7F700F329EB /* CoreGraphics.framework */,
				BF64ACDC18F0C7F700F329EB /* UIKit.framework */,
				BF64ACFA18F0C7F700F329EB /* XCTest.framework */,
			);
			name = Frameworks;
			sourceTree = "<group>";
		};
		BF64ACDE18F0C7F700F329EB /* KidKalcGo */ = {
			isa = PBXGroup;
			children = (
				BF64ACE718F0C7F700F329EB /* AppDelegate.h */,
				BF64ACE818F0C7F700F329EB /* AppDelegate.m */,
				BF64ACEA18F0C7F700F329EB /* Main.storyboard */,
				BF64AD1018F0C83400F329EB /* TimesViewController.h */,
				BF64AD1118F0C83400F329EB /* TimesViewController.m */,
				BF64ACED18F0C7F700F329EB /* MainViewController.h */,
				BF64ACEE18F0C7F700F329EB /* MainViewController.m */,
				BF64ACF018F0C7F700F329EB /* FlipsideViewController.h */,
				BF64ACF118F0C7F700F329EB /* FlipsideViewController.m */,
				BF64ACF318F0C7F700F329EB /* Images.xcassets */,
				BF64ACDF18F0C7F700F329EB /* Supporting Files */,
			);
			path = KidKalcGo;
			sourceTree = "<group>";
		};
		BF64ACDF18F0C7F700F329EB /* Supporting Files */ = {
			isa = PBXGroup;
			children = (
				BF64ACE018F0C7F700F329EB /* KidKalcGo-Info.plist */,
				BF64ACE118F0C7F700F329EB /* InfoPlist.strings */,
				BF64ACE418F0C7F700F329EB /* main.m */,
				BF64ACE618F0C7F700F329EB /* KidKalcGo-Prefix.pch */,
			);
			name = "Supporting Files";
			sourceTree = "<group>";
		};
		BF64AD0018F0C7F700F329EB /* KidKalcGoTests */ = {
			isa = PBXGroup;
			children = (
				BF64AD0618F0C7F700F329EB /* KidKalcGoTests.m */,
				BF64AD0118F0C7F700F329EB /* Supporting Files */,
			);
			path = KidKalcGoTests;
			sourceTree = "<group>";
		};
		BF64AD0118F0C7F700F329EB /* Supporting Files */ = {
			isa = PBXGroup;
			children = (
				BF64AD0218F0C7F700F329EB /* KidKalcGoTests-Info.plist */,
				BF64AD0318F0C7F700F329EB /* InfoPlist.strings */,
			);
			name = "Supporting Files";
			sourceTree = "<group>";
		};
/* End PBXGroup section */

/* Begin PBXNativeTarget section */
		BF64ACD418F0C7F700F329EB /* KidKalcGo */ = {
			isa = PBXNativeTarget;
			buildConfigurationList = BF64AD0A18F0C7F700F329EB /* Build configuration list for PBXNativeTarget "KidKalcGo" */;
			buildPhases = (
				BF64ACD118F0C7F700F329EB /* Sources */,
				BF64ACD218F0C7F700F329EB /* Frameworks */,
				BF64ACD318F0C7F700F329EB /* Resources */,
			);
			buildRules = (
			);
			dependencies = (
			);
			name = KidKalcGo;
			productName = KidKalcGo;
			productReference = BF64ACD518F0C7F700F329EB /* KidKalcGo.app */;
			productType = "com.apple.product-type.application";
		};
		BF64ACF818F0C7F700F329EB /* KidKalcGoTests */ = {
			isa = PBXNativeTarget;
			buildConfigurationList = BF64AD0D18F0C7F700F329EB /* Build configuration list for PBXNativeTarget "KidKalcGoTests" */;
			buildPhases = (
				BF64ACF518F0C7F700F329EB /* Sources */,
				BF64ACF618F0C7F700F329EB /* Frameworks */,
				BF64ACF718F0C7F700F329EB /* Resources */,
			);
			buildRules = (
			);
			dependencies = (
				BF64ACFF18F0C7F700F329EB /* PBXTargetDependency */,
			);
			name = KidKalcGoTests;
			productName = KidKalcGoTests;
			productReference = BF64ACF918F0C7F700F329EB /* KidKalcGoTests.xctest */;
			productType = "com.apple.product-type.bundle.unit-test";
		};
/* End PBXNativeTarget section */

/* Begin PBXProject section */
		BF64ACCD18F0C7F700F329EB /* Project object */ = {
			isa = PBXProject;
			attributes = {
				LastUpgradeCheck = 0510;
				ORGANIZATIONNAME = KeithMobile;
				TargetAttributes = {
					BF64ACF818F0C7F700F329EB = {
						TestTargetID = BF64ACD418F0C7F700F329EB;
					};
				};
			};
			buildConfigurationList = BF64ACD018F0C7F700F329EB /* Build configuration list for PBXProject "KidKalcGo" */;
			compatibilityVersion = "Xcode 3.2";
			developmentRegion = English;
			hasScannedForEncodings = 0;
			knownRegions = (
				en,
				Base,
			);
			mainGroup = BF64ACCC18F0C7F700F329EB;
			productRefGroup = BF64ACD618F0C7F700F329EB /* Products */;
			projectDirPath = "";
			projectRoot = "";
			targets = (
				BF64ACD418F0C7F700F329EB /* KidKalcGo */,
				BF64ACF818F0C7F700F329EB /* KidKalcGoTests */,
			);
		};
/* End PBXProject section */

/* Begin PBXResourcesBuildPhase section */
		BF64ACD318F0C7F700F329EB /* Resources */ = {
			isa = PBXResourcesBuildPhase;
			buildActionMask = 2147483647;
			files = (
				BF64ACF418F0C7F700F329EB /* Images.xcassets in Resources */,
				BF64ACE318F0C7F700F329EB /* InfoPlist.strings in Resources */,
				BF64ACEC18F0C7F700F329EB /* Main.storyboard in Resources */,
			);
			runOnlyForDeploymentPostprocessing = 0;
		};
		BF64ACF718F0C7F700F329EB /* Resources */ = {
			isa = PBXResourcesBuildPhase;
			buildActionMask = 2147483647;
			files = (
				BF64AD0518F0C7F700F329EB /* InfoPlist.strings in Resources */,
			);
			runOnlyForDeploymentPostprocessing = 0;
		};
/* End PBXResourcesBuildPhase section */

/* Begin PBXSourcesBuildPhase section */
		BF64ACD118F0C7F700F329EB /* Sources */ = {
			isa = PBXSourcesBuildPhase;
			buildActionMask = 2147483647;
			files = (
				BF64AD1218F0C83400F329EB /* TimesViewController.m in Sources */,
				BF64ACE918F0C7F700F329EB /* AppDelegate.m in Sources */,
				BF64ACEF18F0C7F700F329EB /* MainViewController.m in Sources */,
				BF64ACF218F0C7F700F329EB /* FlipsideViewController.m in Sources */,
				BF64ACE518F0C7F700F329EB /* main.m in Sources */,
			);
			runOnlyForDeploymentPostprocessing = 0;
		};
		BF64ACF518F0C7F700F329EB /* Sources */ = {
			isa = PBXSourcesBuildPhase;
			buildActionMask = 2147483647;
			files = (
				BF64AD0718F0C7F700F329EB /* KidKalcGoTests.m in Sources */,
			);
			runOnlyForDeploymentPostprocessing = 0;
		};
/* End PBXSourcesBuildPhase section */

/* Begin PBXTargetDependency section */
		BF64ACFF18F0C7F700F329EB /* PBXTargetDependency */ = {
			isa = PBXTargetDependency;
			target = BF64ACD418F0C7F700F329EB /* KidKalcGo */;
			targetProxy = BF64ACFE18F0C7F700F329EB /* PBXContainerItemProxy */;
		};
/* End PBXTargetDependency section */

/* Begin PBXVariantGroup section */
		BF64ACE118F0C7F700F329EB /* InfoPlist.strings */ = {
			isa = PBXVariantGroup;
			children = (
				BF64ACE218F0C7F700F329EB /* en */,
			);
			name = InfoPlist.strings;
			sourceTree = "<group>";
		};
		BF64ACEA18F0C7F700F329EB /* Main.storyboard */ = {
			isa = PBXVariantGroup;
			children = (
				BF64ACEB18F0C7F700F329EB /* Base */,
			);
			name = Main.storyboard;
			sourceTree = "<group>";
		};
		BF64AD0318F0C7F700F329EB /* InfoPlist.strings */ = {
			isa = PBXVariantGroup;
			children = (
				BF64AD0418F0C7F700F329EB /* en */,
			);
			name = InfoPlist.strings;
			sourceTree = "<group>";
		};
/* End PBXVariantGroup section */

/* Begin XCBuildConfiguration section */
		BF64AD0818F0C7F700F329EB /* Debug */ = {
			isa = XCBuildConfiguration;
			buildSettings = {
				ALWAYS_SEARCH_USER_PATHS = NO;
				CLANG_CXX_LANGUAGE_STANDARD = "gnu++0x";
				CLANG_CXX_LIBRARY = "libc++";
				CLANG_ENABLE_MODULES = YES;
				CLANG_ENABLE_OBJC_ARC = YES;
				CLANG_WARN_BOOL_CONVERSION = YES;
				CLANG_WARN_CONSTANT_CONVERSION = YES;
				CLANG_WARN_DIRECT_OBJC_ISA_USAGE = YES_ERROR;
				CLANG_WARN_EMPTY_BODY = YES;
				CLANG_WARN_ENUM_CONVERSION = YES;
				CLANG_WARN_INT_CONVERSION = YES;
				CLANG_WARN_OBJC_ROOT_CLASS = YES_ERROR;
				CLANG_WARN__DUPLICATE_METHOD_MATCH = YES;
				"CODE_SIGN_IDENTITY[sdk=iphoneos*]" = "iPhone Developer";
				COPY_PHASE_STRIP = NO;
				GCC_C_LANGUAGE_STANDARD = gnu99;
				GCC_DYNAMIC_NO_PIC = NO;
				GCC_OPTIMIZATION_LEVEL = 0;
				GCC_PREPROCESSOR_DEFINITIONS = (
					"DEBUG=1",
					"$(inherited)",
				);
				GCC_SYMBOLS_PRIVATE_EXTERN = NO;
				GCC_WARN_64_TO_32_BIT_CONVERSION = YES;
				GCC_WARN_ABOUT_RETURN_TYPE = YES_ERROR;
				GCC_WARN_UNDECLARED_SELECTOR = YES;
				GCC_WARN_UNINITIALIZED_AUTOS = YES_AGGRESSIVE;
				GCC_WARN_UNUSED_FUNCTION = YES;
				GCC_WARN_UNUSED_VARIABLE = YES;
				IPHONEOS_DEPLOYMENT_TARGET = 7.1;
				ONLY_ACTIVE_ARCH = YES;
				SDKROOT = iphoneos;
			};
			name = Debug;
		};
		BF64AD0918F0C7F700F329EB /* Release */ = {
			isa = XCBuildConfiguration;
			buildSettings = {
				ALWAYS_SEARCH_USER_PATHS = NO;
				CLANG_CXX_LANGUAGE_STANDARD = "gnu++0x";
				CLANG_CXX_LIBRARY = "libc++";
				CLANG_ENABLE_MODULES = YES;
				CLANG_ENABLE_OBJC_ARC = YES;
				CLANG_WARN_BOOL_CONVERSION = YES;
				CLANG_WARN_CONSTANT_CONVERSION = YES;
				CLANG_WARN_DIRECT_OBJC_ISA_USAGE = YES_ERROR;
				CLANG_WARN_EMPTY_BODY = YES;
				CLANG_WARN_ENUM_CONVERSION = YES;
				CLANG_WARN_INT_CONVERSION = YES;
				CLANG_WARN_OBJC_ROOT_CLASS = YES_ERROR;
				CLANG_WARN__DUPLICATE_METHOD_MATCH = YES;
				"CODE_SIGN_IDENTITY[sdk=iphoneos*]" = "iPhone Developer";
				COPY_PHASE_STRIP = YES;
				ENABLE_NS_ASSERTIONS = NO;
				GCC_C_LANGUAGE_STANDARD = gnu99;
				GCC_WARN_64_TO_32_BIT_CONVERSION = YES;
				GCC_WARN_ABOUT_RETURN_TYPE = YES_ERROR;
				GCC_WARN_UNDECLARED_SELECTOR = YES;
				GCC_WARN_UNINITIALIZED_AUTOS = YES_AGGRESSIVE;
				GCC_WARN_UNUSED_FUNCTION = YES;
				GCC_WARN_UNUSED_VARIABLE = YES;
				IPHONEOS_DEPLOYMENT_TARGET = 7.1;
				SDKROOT = iphoneos;
				VALIDATE_PRODUCT = YES;
			};
			name = Release;
		};
		BF64AD0B18F0C7F700F329EB /* Debug */ = {
			isa = XCBuildConfiguration;
			buildSettings = {
				ASSETCATALOG_COMPILER_APPICON_NAME = AppIcon;
				ASSETCATALOG_COMPILER_LAUNCHIMAGE_NAME = LaunchImage;
				GCC_PRECOMPILE_PREFIX_HEADER = YES;
				GCC_PREFIX_HEADER = "KidKalcGo/KidKalcGo-Prefix.pch";
				INFOPLIST_FILE = "KidKalcGo/KidKalcGo-Info.plist";
				PRODUCT_NAME = "$(TARGET_NAME)";
				WRAPPER_EXTENSION = app;
			};
			name = Debug;
		};
		BF64AD0C18F0C7F700F329EB /* Release */ = {
			isa = XCBuildConfiguration;
			buildSettings = {
				ASSETCATALOG_COMPILER_APPICON_NAME = AppIcon;
				ASSETCATALOG_COMPILER_LAUNCHIMAGE_NAME = LaunchImage;
				GCC_PRECOMPILE_PREFIX_HEADER = YES;
				GCC_PREFIX_HEADER = "KidKalcGo/KidKalcGo-Prefix.pch";
				INFOPLIST_FILE = "KidKalcGo/KidKalcGo-Info.plist";
				PRODUCT_NAME = "$(TARGET_NAME)";
				WRAPPER_EXTENSION = app;
			};
			name = Release;
		};
		BF64AD0E18F0C7F700F329EB /* Debug */ = {
			isa = XCBuildConfiguration;
			buildSettings = {
				BUNDLE_LOADER = "$(BUILT_PRODUCTS_DIR)/KidKalcGo.app/KidKalcGo";
				FRAMEWORK_SEARCH_PATHS = (
					"$(SDKROOT)/Developer/Library/Frameworks",
					"$(inherited)",
					"$(DEVELOPER_FRAMEWORKS_DIR)",
				);
				GCC_PRECOMPILE_PREFIX_HEADER = YES;
				GCC_PREFIX_HEADER = "KidKalcGo/KidKalcGo-Prefix.pch";
				GCC_PREPROCESSOR_DEFINITIONS = (
					"DEBUG=1",
					"$(inherited)",
				);
				INFOPLIST_FILE = "KidKalcGoTests/KidKalcGoTests-Info.plist";
				PRODUCT_NAME = "$(TARGET_NAME)";
				TEST_HOST = "$(BUNDLE_LOADER)";
				WRAPPER_EXTENSION = xctest;
			};
			name = Debug;
		};
		BF64AD0F18F0C7F700F329EB /* Release */ = {
			isa = XCBuildConfiguration;
			buildSettings = {
				BUNDLE_LOADER = "$(BUILT_PRODUCTS_DIR)/KidKalcGo.app/KidKalcGo";
				FRAMEWORK_SEARCH_PATHS = (
					"$(SDKROOT)/Developer/Library/Frameworks",
					"$(inherited)",
					"$(DEVELOPER_FRAMEWORKS_DIR)",
				);
				GCC_PRECOMPILE_PREFIX_HEADER = YES;
				GCC_PREFIX_HEADER = "KidKalcGo/KidKalcGo-Prefix.pch";
				INFOPLIST_FILE = "KidKalcGoTests/KidKalcGoTests-Info.plist";
				PRODUCT_NAME = "$(TARGET_NAME)";
				TEST_HOST = "$(BUNDLE_LOADER)";
				WRAPPER_EXTENSION = xctest;
			};
			name = Release;
		};
/* End XCBuildConfiguration section */

/* Begin XCConfigurationList section */
		BF64ACD018F0C7F700F329EB /* Build configuration list for PBXProject "KidKalcGo" */ = {
			isa = XCConfigurationList;
			buildConfigurations = (
				BF64AD0818F0C7F700F329EB /* Debug */,
				BF64AD0918F0C7F700F329EB /* Release */,
			);
			defaultConfigurationIsVisible = 0;
			defaultConfigurationName = Release;
		};
		BF64AD0A18F0C7F700F329EB /* Build configuration list for PBXNativeTarget "KidKalcGo" */ = {
			isa = XCConfigurationList;
			buildConfigurations = (
				BF64AD0B18F0C7F700F329EB /* Debug */,
				BF64AD0C18F0C7F700F329EB /* Release */,
			);
			defaultConfigurationIsVisible = 0;
		};
		BF64AD0D18F0C7F700F329EB /* Build configuration list for PBXNativeTarget "KidKalcGoTests" */ = {
			isa = XCConfigurationList;
			buildConfigurations = (
				BF64AD0E18F0C7F700F329EB /* Debug */,
				BF64AD0F18F0C7F700F329EB /* Release */,
			);
			defaultConfigurationIsVisible = 0;
		};
/* End XCConfigurationList section */
	};
	rootObject = BF64ACCD18F0C7F700F329EB /* Project object */;
}
